
Microsoft Visual Studio Solution File, Format Version 12.00
# Visual Studio Version 16
VisualStudioVersion = 16.0.31205.134
MinimumVisualStudioVersion = 10.0.40219.1
Project("{FAE04EC0-301F-11D3-BF4B-00C04F79EFBC}") = "WebApplication1", "WebApplication1\WebApplication1.csproj", "{9CC3B942-B232-4DBA-A32D-C578D78117E7}"
EndProject
Global
	GlobalSection(SolutionConfigurationPlatforms) = preSolution
		Debug|Any CPU = Debug|Any CPU
		Release|Any CPU = Release|Any CPU
	EndGlobalSection
	GlobalSection(ProjectConfigurationPlatforms) = postSolution
		{9CC3B942-B232-4DBA-A32D-C578D78117E7}.Debug|Any CPU.ActiveCfg = Debug|Any CPU
		{9CC3B942-B232-4DBA-A32D-C578D78117E7}.Debug|Any CPU.Build.0 = Debug|Any CPU
		{9CC3B942-B232-4DBA-A32D-C578D78117E7}.Release|Any CPU.ActiveCfg = Release|Any CPU
		{9CC3B942-B232-4DBA-A32D-C578D78117E7}.Release|Any CPU.Build.0 = Release|Any CPU
	EndGlobalSection
	GlobalSection(SolutionProperties) = preSolution
		HideSolutionNode = FALSE
	EndGlobalSection
	GlobalSection(ExtensibilityGlobals) = postSolution
		SolutionGuid = {0E2C5EA7-1985-43A0-A618-23D3F51337BC}
	EndGlobalSection
EndGlobal
